<Solution>
  <Folder Name="/src/">
    <Project Path="src/LegacyLens.Ai/LegacyLens.Ai.csproj" />
    <Project Path="src/LegacyLens.Analysis/LegacyLens.Analysis.csproj" />
    <Project Path="src/LegacyLens.Application/LegacyLens.Application.csproj" />
    <Project Path="src/LegacyLens.Domain/LegacyLens.Domain.csproj" />
    <Project Path="src/LegacyLens.Persistence.EF/LegacyLens.Persistence.EF.csproj" />
    <Project Path="src/LegacyLens.Web/LegacyLens.Web.csproj" />
  </Folder>
  <Folder Name="/tests/">
    <Project Path="tests/LegacyLens.Analysis.Tests/LegacyLens.Analysis.Tests.csproj" />
  </Folder>
  <Folder Name="/tools/">
    <Project Path="tools/LegacyLens.Evals/LegacyLens.Evals.csproj" />
  </Folder>
  <Project Path="docker-compose.dcproj">
    <Build />
  </Project>
</Solution>
